
Microsoft Visual Studio Solution File, Format Version 12.00
# Visual Studio Version 16
VisualStudioVersion = 16.0.30320.27
MinimumVisualStudioVersion = 10.0.40219.1
Project("{FAE04EC0-301F-11D3-BF4B-00C04F79EFBC}") = "Teclado Russo", "Teclado Russo\Teclado Russo.csproj", "{7CE7A700-A80E-4AC0-ABB0-E2031DD5622D}"
EndProject
Project("{54435603-DBB4-11D2-8724-00A0C9A8B90C}") = "Instalador", "Instalador\Instalador.vdproj", "{70829EB6-9F20-49B6-94BD-CEE272BF474B}"
EndProject
Global
	GlobalSection(SolutionConfigurationPlatforms) = preSolution
		Debug|Any CPU = Debug|Any CPU
		Debug|x86 = Debug|x86
		Release|Any CPU = Release|Any CPU
		Release|x86 = Release|x86
	EndGlobalSection
	GlobalSection(ProjectConfigurationPlatforms) = postSolution
		{7CE7A700-A80E-4AC0-ABB0-E2031DD5622D}.Debug|Any CPU.ActiveCfg = Debug|Any CPU
		{7CE7A700-A80E-4AC0-ABB0-E2031DD5622D}.Debug|Any CPU.Build.0 = Debug|Any CPU
		{7CE7A700-A80E-4AC0-ABB0-E2031DD5622D}.Debug|x86.ActiveCfg = Debug|x86
		{7CE7A700-A80E-4AC0-ABB0-E2031DD5622D}.Debug|x86.Build.0 = Debug|x86
		{7CE7A700-A80E-4AC0-ABB0-E2031DD5622D}.Release|Any CPU.ActiveCfg = Release|Any CPU
		{7CE7A700-A80E-4AC0-ABB0-E2031DD5622D}.Release|Any CPU.Build.0 = Release|Any CPU
		{7CE7A700-A80E-4AC0-ABB0-E2031DD5622D}.Release|x86.ActiveCfg = Release|x86
		{7CE7A700-A80E-4AC0-ABB0-E2031DD5622D}.Release|x86.Build.0 = Release|x86
		{70829EB6-9F20-49B6-94BD-CEE272BF474B}.Debug|Any CPU.ActiveCfg = Debug
		{70829EB6-9F20-49B6-94BD-CEE272BF474B}.Debug|x86.ActiveCfg = Debug
		{70829EB6-9F20-49B6-94BD-CEE272BF474B}.Debug|x86.Build.0 = Debug
		{70829EB6-9F20-49B6-94BD-CEE272BF474B}.Release|Any CPU.ActiveCfg = Release
		{70829EB6-9F20-49B6-94BD-CEE272BF474B}.Release|x86.ActiveCfg = Debug
		{70829EB6-9F20-49B6-94BD-CEE272BF474B}.Release|x86.Build.0 = Debug
	EndGlobalSection
	GlobalSection(SolutionProperties) = preSolution
		HideSolutionNode = FALSE
	EndGlobalSection
	GlobalSection(ExtensibilityGlobals) = postSolution
		SolutionGuid = {BC43E348-DE51-4884-83B4-54CAD1CFA56A}
	EndGlobalSection
EndGlobal
